{
  "name": "board4you",
  "lockfileVersion": 3,
  "requires": true,
  "packages": {
    "": {
      "devDependencies": {
        "@types/adm-zip": "^0.5.3",
        "@types/pdfkit": "^0.13.1"
      }
    },
    "node_modules/@types/adm-zip": {
      "version": "0.5.3",
      "resolved": "https://registry.npmjs.org/@types/adm-zip/-/adm-zip-0.5.3.tgz",
      "integrity": "sha512-LfeDIiFdvphelYY2aMWTyQBr5cTb1EL9Qcu19jFizdt2sL/jL+fy1fE8IgAKBFI5XfbGukaRDDM5PiJTrovAhA==",
      "dev": true,
      "dependencies": {
        "@types/node": "*"
      }
    },
    "node_modules/@types/node": {
      "version": "20.8.7",
      "resolved": "https://registry.npmjs.org/@types/node/-/node-20.8.7.tgz",
      "integrity": "sha512-21TKHHh3eUHIi2MloeptJWALuCu5H7HQTdTrWIFReA8ad+aggoX+lRes3ex7/FtpC+sVUpFMQ+QTfYr74mruiQ==",
      "dev": true,
      "dependencies": {
        "undici-types": "~5.25.1"
      }
    },
    "node_modules/@types/pdfkit": {
      "version": "0.13.1",
      "resolved": "https://registry.npmjs.org/@types/pdfkit/-/pdfkit-0.13.1.tgz",
      "integrity": "sha512-4TCdxIj96OaP4jMPeL6/vmtbc3tsDMgFwXSKQpAceEtiVKgREJKBBLVGf0S1xTAbZkCYNL1OHuufzIgl8m+M7g==",
      "dev": true,
      "dependencies": {
        "@types/node": "*"
      }
    },
    "node_modules/undici-types": {
      "version": "5.25.3",
      "resolved": "https://registry.npmjs.org/undici-types/-/undici-types-5.25.3.tgz",
      "integrity": "sha512-Ga1jfYwRn7+cP9v8auvEXN1rX3sWqlayd4HP7OKk4mZWylEmu3KzXDUGrQUN6Ol7qo1gPvB2e5gX6udnyEPgdA==",
      "dev": true
    }
  }
}
